
Microsoft Visual Studio Solution File, Format Version 12.00
# Visual Studio Version 17
VisualStudioVersion = 17.2.32516.85
MinimumVisualStudioVersion = 10.0.40219.1
Project("{9A19103F-16F7-4668-BE54-9A1E7A4F7556}") = "DiscordBot", "DiscordBot.csproj", "{4704D028-BDB2-44EF-9F85-86D4557895BD}"
EndProject
Project("{9A19103F-16F7-4668-BE54-9A1E7A4F7556}") = "WebAlerter", "..\WebAlerter\WebAlerter.csproj", "{7EB3228B-5CD2-4CA6-83BD-09A1C2CD9B05}"
EndProject
Project("{9A19103F-16F7-4668-BE54-9A1E7A4F7556}") = "Common", "..\Common\Common.csproj", "{56D7987F-DF46-45DD-81A9-63D7C0C8B920}"
EndProject
Project("{9A19103F-16F7-4668-BE54-9A1E7A4F7556}") = "Tests", "..\Tests\Tests.csproj", "{4F78B621-7666-4A8C-BBF2-045A5C3BA67F}"
EndProject
Global
	GlobalSection(SolutionConfigurationPlatforms) = preSolution
		Debug|Any CPU = Debug|Any CPU
		Release|Any CPU = Release|Any CPU
	EndGlobalSection
	GlobalSection(ProjectConfigurationPlatforms) = postSolution
		{4704D028-BDB2-44EF-9F85-86D4557895BD}.Debug|Any CPU.ActiveCfg = Debug|Any CPU
		{4704D028-BDB2-44EF-9F85-86D4557895BD}.Debug|Any CPU.Build.0 = Debug|Any CPU
		{4704D028-BDB2-44EF-9F85-86D4557895BD}.Release|Any CPU.ActiveCfg = Release|Any CPU
		{4704D028-BDB2-44EF-9F85-86D4557895BD}.Release|Any CPU.Build.0 = Release|Any CPU
		{7EB3228B-5CD2-4CA6-83BD-09A1C2CD9B05}.Debug|Any CPU.ActiveCfg = Debug|Any CPU
		{7EB3228B-5CD2-4CA6-83BD-09A1C2CD9B05}.Debug|Any CPU.Build.0 = Debug|Any CPU
		{7EB3228B-5CD2-4CA6-83BD-09A1C2CD9B05}.Release|Any CPU.ActiveCfg = Release|Any CPU
		{7EB3228B-5CD2-4CA6-83BD-09A1C2CD9B05}.Release|Any CPU.Build.0 = Release|Any CPU
		{56D7987F-DF46-45DD-81A9-63D7C0C8B920}.Debug|Any CPU.ActiveCfg = Debug|Any CPU
		{56D7987F-DF46-45DD-81A9-63D7C0C8B920}.Debug|Any CPU.Build.0 = Debug|Any CPU
		{56D7987F-DF46-45DD-81A9-63D7C0C8B920}.Release|Any CPU.ActiveCfg = Release|Any CPU
		{56D7987F-DF46-45DD-81A9-63D7C0C8B920}.Release|Any CPU.Build.0 = Release|Any CPU
		{4F78B621-7666-4A8C-BBF2-045A5C3BA67F}.Debug|Any CPU.ActiveCfg = Debug|Any CPU
		{4F78B621-7666-4A8C-BBF2-045A5C3BA67F}.Debug|Any CPU.Build.0 = Debug|Any CPU
		{4F78B621-7666-4A8C-BBF2-045A5C3BA67F}.Release|Any CPU.ActiveCfg = Release|Any CPU
		{4F78B621-7666-4A8C-BBF2-045A5C3BA67F}.Release|Any CPU.Build.0 = Release|Any CPU
	EndGlobalSection
	GlobalSection(SolutionProperties) = preSolution
		HideSolutionNode = FALSE
	EndGlobalSection
	GlobalSection(ExtensibilityGlobals) = postSolution
		SolutionGuid = {75935F10-CD92-4E6D-A352-191CA9EBB842}
	EndGlobalSection
EndGlobal
